Microsoft Visual Studio Solution File, Format Version 11.00
# Visual Studio 2008

Project("{39814921-3D20-BF8B-0654-99778A2DBC09}") = "IN Troduction", "Assembly-CSharp-firstpass.csproj", "{6D50328C-6070-C49B-4994-5EFE1111190F}"
EndProject
Project("{39814921-3D20-BF8B-0654-99778A2DBC09}") = "IN Troduction", "Assembly-CSharp.csproj", "{45FB987A-335F-DABF-2E73-15F5266230FF}"
EndProject
Project("{39814921-3D20-BF8B-0654-99778A2DBC09}") = "IN Troduction", "Assembly-CSharp-Editor.csproj", "{DE77C594-5110-A6D0-2952-2BD8BC670C3C}"
EndProject
Project("{39814921-3D20-BF8B-0654-99778A2DBC09}") = "IN Troduction", "Assembly-UnityScript-firstpass.unityproj", "{40042760-B78A-25A3-6E36-DC16A733F247}"
EndProject
Project("{39814921-3D20-BF8B-0654-99778A2DBC09}") = "IN Troduction", "Assembly-UnityScript.unityproj", "{A138F909-9954-1334-EA1C-795EAAACA10F}"
EndProject
Global
	GlobalSection(SolutionConfigurationPlatforms) = preSolution
		Debug|Any CPU = Debug|Any CPU
		Release|Any CPU = Release|Any CPU
	EndGlobalSection
	GlobalSection(ProjectConfigurationPlatforms) = postSolution
		{6D50328C-6070-C49B-4994-5EFE1111190F}.Debug|Any CPU.ActiveCfg = Debug|Any CPU
		{6D50328C-6070-C49B-4994-5EFE1111190F}.Debug|Any CPU.Build.0 = Debug|Any CPU
		{6D50328C-6070-C49B-4994-5EFE1111190F}.Release|Any CPU.ActiveCfg = Release|Any CPU
		{6D50328C-6070-C49B-4994-5EFE1111190F}.Release|Any CPU.Build.0 = Release|Any CPU
		{45FB987A-335F-DABF-2E73-15F5266230FF}.Debug|Any CPU.ActiveCfg = Debug|Any CPU
		{45FB987A-335F-DABF-2E73-15F5266230FF}.Debug|Any CPU.Build.0 = Debug|Any CPU
		{45FB987A-335F-DABF-2E73-15F5266230FF}.Release|Any CPU.ActiveCfg = Release|Any CPU
		{45FB987A-335F-DABF-2E73-15F5266230FF}.Release|Any CPU.Build.0 = Release|Any CPU
		{DE77C594-5110-A6D0-2952-2BD8BC670C3C}.Debug|Any CPU.ActiveCfg = Debug|Any CPU
		{DE77C594-5110-A6D0-2952-2BD8BC670C3C}.Debug|Any CPU.Build.0 = Debug|Any CPU
		{DE77C594-5110-A6D0-2952-2BD8BC670C3C}.Release|Any CPU.ActiveCfg = Release|Any CPU
		{DE77C594-5110-A6D0-2952-2BD8BC670C3C}.Release|Any CPU.Build.0 = Release|Any CPU
		{40042760-B78A-25A3-6E36-DC16A733F247}.Debug|Any CPU.ActiveCfg = Debug|Any CPU
		{40042760-B78A-25A3-6E36-DC16A733F247}.Debug|Any CPU.Build.0 = Debug|Any CPU
		{40042760-B78A-25A3-6E36-DC16A733F247}.Release|Any CPU.ActiveCfg = Release|Any CPU
		{40042760-B78A-25A3-6E36-DC16A733F247}.Release|Any CPU.Build.0 = Release|Any CPU
		{A138F909-9954-1334-EA1C-795EAAACA10F}.Debug|Any CPU.ActiveCfg = Debug|Any CPU
		{A138F909-9954-1334-EA1C-795EAAACA10F}.Debug|Any CPU.Build.0 = Debug|Any CPU
		{A138F909-9954-1334-EA1C-795EAAACA10F}.Release|Any CPU.ActiveCfg = Release|Any CPU
		{A138F909-9954-1334-EA1C-795EAAACA10F}.Release|Any CPU.Build.0 = Release|Any CPU
	EndGlobalSection
	GlobalSection(SolutionProperties) = preSolution
		HideSolutionNode = FALSE
	EndGlobalSection
			GlobalSection(MonoDevelopProperties) = preSolution
		StartupItem = Assembly-CSharp.csproj
		Policies = $0
		$0.TextStylePolicy = $1
		$1.inheritsSet = null
		$1.scope = text/x-csharp
		$0.CSharpFormattingPolicy = $2
		$2.inheritsSet = Mono
		$2.inheritsScope = text/x-csharp
		$2.scope = text/x-csharp
		$0.TextStylePolicy = $3
		$3.FileWidth = 120
		$3.TabWidth = 4
		$3.EolMarker = Unix
		$3.inheritsSet = Mono
		$3.inheritsScope = text/plain
		$3.scope = text/plain
	EndGlobalSection

EndGlobal
